// !$*UTF8*$!
{
	archiveVersion = 1;
	classes = {
	};
	objectVersion = 46;
	objects = {

/* Begin PBXBuildFile section */
		04612B231A25C67400B35FD0 /* Foundation.framework in Frameworks */ = {isa = PBXBuildFile; fileRef = 04612B221A25C67400B35FD0 /* Foundation.framework */; };
		04612B251A25C67400B35FD0 /* CoreGraphics.framework in Frameworks */ = {isa = PBXBuildFile; fileRef = 04612B241A25C67400B35FD0 /* CoreGraphics.framework */; };
		04612B271A25C67400B35FD0 /* UIKit.framework in Frameworks */ = {isa = PBXBuildFile; fileRef = 04612B261A25C67400B35FD0 /* UIKit.framework */; };
		04612B2D1A25C67400B35FD0 /* InfoPlist.strings in Resources */ = {isa = PBXBuildFile; fileRef = 04612B2B1A25C67400B35FD0 /* InfoPlist.strings */; };
		04612B2F1A25C67400B35FD0 /* main.m in Sources */ = {isa = PBXBuildFile; fileRef = 04612B2E1A25C67400B35FD0 /* main.m */; };
		04612B331A25C67400B35FD0 /* AppDelegate.m in Sources */ = {isa = PBXBuildFile; fileRef = 04612B321A25C67400B35FD0 /* AppDelegate.m */; };
		04612B361A25C67400B35FD0 /* Main.storyboard in Resources */ = {isa = PBXBuildFile; fileRef = 04612B341A25C67400B35FD0 /* Main.storyboard */; };
		04612B391A25C67400B35FD0 /* ViewController.m in Sources */ = {isa = PBXBuildFile; fileRef = 04612B381A25C67400B35FD0 /* ViewController.m */; };
		04612B3B1A25C67400B35FD0 /* Images.xcassets in Resources */ = {isa = PBXBuildFile; fileRef = 04612B3A1A25C67400B35FD0 /* Images.xcassets */; };
		04612B421A25C67400B35FD0 /* XCTest.framework in Frameworks */ = {isa = PBXBuildFile; fileRef = 04612B411A25C67400B35FD0 /* XCTest.framework */; };
		04612B431A25C67400B35FD0 /* Foundation.framework in Frameworks */ = {isa = PBXBuildFile; fileRef = 04612B221A25C67400B35FD0 /* Foundation.framework */; };
		04612B441A25C67400B35FD0 /* UIKit.framework in Frameworks */ = {isa = PBXBuildFile; fileRef = 04612B261A25C67400B35FD0 /* UIKit.framework */; };
		04612B4C1A25C67400B35FD0 /* InfoPlist.strings in Resources */ = {isa = PBXBuildFile; fileRef = 04612B4A1A25C67400B35FD0 /* InfoPlist.strings */; };
		04612B4E1A25C67400B35FD0 /* InternationalizationDemoTests.m in Sources */ = {isa = PBXBuildFile; fileRef = 04612B4D1A25C67400B35FD0 /* InternationalizationDemoTests.m */; };
		04612B611A25C9F500B35FD0 /* Localizable.strings in Resources */ = {isa = PBXBuildFile; fileRef = 04612B631A25C9F500B35FD0 /* Localizable.strings */; };
		04612B671A25CB0800B35FD0 /* SecondViewController.m in Sources */ = {isa = PBXBuildFile; fileRef = 04612B661A25CB0800B35FD0 /* SecondViewController.m */; };
/* End PBXBuildFile section */

/* Begin PBXContainerItemProxy section */
		04612B451A25C67400B35FD0 /* PBXContainerItemProxy */ = {
			isa = PBXContainerItemProxy;
			containerPortal = 04612B171A25C67400B35FD0 /* Project object */;
			proxyType = 1;
			remoteGlobalIDString = 04612B1E1A25C67400B35FD0;
			remoteInfo = InternationalizationDemo;
		};
/* End PBXContainerItemProxy section */

/* Begin PBXFileReference section */
		04612B1F1A25C67400B35FD0 /* InternationalizationDemo.app */ = {isa = PBXFileReference; explicitFileType = wrapper.application; includeInIndex = 0; path = InternationalizationDemo.app; sourceTree = BUILT_PRODUCTS_DIR; };
		04612B221A25C67400B35FD0 /* Foundation.framework */ = {isa = PBXFileReference; lastKnownFileType = wrapper.framework; name = Foundation.framework; path = System/Library/Frameworks/Foundation.framework; sourceTree = SDKROOT; };
		04612B241A25C67400B35FD0 /* CoreGraphics.framework */ = {isa = PBXFileReference; lastKnownFileType = wrapper.framework; name = CoreGraphics.framework; path = System/Library/Frameworks/CoreGraphics.framework; sourceTree = SDKROOT; };
		04612B261A25C67400B35FD0 /* UIKit.framework */ = {isa = PBXFileReference; lastKnownFileType = wrapper.framework; name = UIKit.framework; path = System/Library/Frameworks/UIKit.framework; sourceTree = SDKROOT; };
		04612B2A1A25C67400B35FD0 /* InternationalizationDemo-Info.plist */ = {isa = PBXFileReference; lastKnownFileType = text.plist.xml; path = "InternationalizationDemo-Info.plist"; sourceTree = "<group>"; };
		04612B2C1A25C67400B35FD0 /* en */ = {isa = PBXFileReference; lastKnownFileType = text.plist.strings; name = en; path = en.lproj/InfoPlist.strings; sourceTree = "<group>"; };
		04612B2E1A25C67400B35FD0 /* main.m */ = {isa = PBXFileReference; lastKnownFileType = sourcecode.c.objc; path = main.m; sourceTree = "<group>"; };
		04612B301A25C67400B35FD0 /* InternationalizationDemo-Prefix.pch */ = {isa = PBXFileReference; lastKnownFileType = sourcecode.c.h; path = "InternationalizationDemo-Prefix.pch"; sourceTree = "<group>"; };
		04612B311A25C67400B35FD0 /* AppDelegate.h */ = {isa = PBXFileReference; lastKnownFileType = sourcecode.c.h; path = AppDelegate.h; sourceTree = "<group>"; };
		04612B321A25C67400B35FD0 /* AppDelegate.m */ = {isa = PBXFileReference; lastKnownFileType = sourcecode.c.objc; path = AppDelegate.m; sourceTree = "<group>"; };
		04612B351A25C67400B35FD0 /* Base */ = {isa = PBXFileReference; lastKnownFileType = file.storyboard; name = Base; path = Base.lproj/Main.storyboard; sourceTree = "<group>"; };
		04612B371A25C67400B35FD0 /* ViewController.h */ = {isa = PBXFileReference; lastKnownFileType = sourcecode.c.h; path = ViewController.h; sourceTree = "<group>"; };
		04612B381A25C67400B35FD0 /* ViewController.m */ = {isa = PBXFileReference; lastKnownFileType = sourcecode.c.objc; path = ViewController.m; sourceTree = "<group>"; };
		04612B3A1A25C67400B35FD0 /* Images.xcassets */ = {isa = PBXFileReference; lastKnownFileType = folder.assetcatalog; path = Images.xcassets; sourceTree = "<group>"; };
		04612B401A25C67400B35FD0 /* InternationalizationDemoTests.xctest */ = {isa = PBXFileReference; explicitFileType = wrapper.cfbundle; includeInIndex = 0; path = InternationalizationDemoTests.xctest; sourceTree = BUILT_PRODUCTS_DIR; };
		04612B411A25C67400B35FD0 /* XCTest.framework */ = {isa = PBXFileReference; lastKnownFileType = wrapper.framework; name = XCTest.framework; path = Library/Frameworks/XCTest.framework; sourceTree = DEVELOPER_DIR; };
		04612B491A25C67400B35FD0 /* InternationalizationDemoTests-Info.plist */ = {isa = PBXFileReference; lastKnownFileType = text.plist.xml; path = "InternationalizationDemoTests-Info.plist"; sourceTree = "<group>"; };
		04612B4B1A25C67400B35FD0 /* en */ = {isa = PBXFileReference; lastKnownFileType = text.plist.strings; name = en; path = en.lproj/InfoPlist.strings; sourceTree = "<group>"; };
		04612B4D1A25C67400B35FD0 /* InternationalizationDemoTests.m */ = {isa = PBXFileReference; lastKnownFileType = sourcecode.c.objc; path = InternationalizationDemoTests.m; sourceTree = "<group>"; };
		04612B5A1A25C85500B35FD0 /* zh-Hans */ = {isa = PBXFileReference; lastKnownFileType = text.plist.strings; name = "zh-Hans"; path = "zh-Hans.lproj/Main.strings"; sourceTree = "<group>"; };
		04612B5B1A25C85500B35FD0 /* zh-Hans */ = {isa = PBXFileReference; lastKnownFileType = text.plist.strings; name = "zh-Hans"; path = "zh-Hans.lproj/InfoPlist.strings"; sourceTree = "<group>"; };
		04612B5C1A25C85500B35FD0 /* zh-Hans */ = {isa = PBXFileReference; lastKnownFileType = text.plist.strings; name = "zh-Hans"; path = "zh-Hans.lproj/InfoPlist.strings"; sourceTree = "<group>"; };
		04612B621A25C9F500B35FD0 /* en */ = {isa = PBXFileReference; lastKnownFileType = text.plist.strings; name = en; path = en.lproj/Localizable.strings; sourceTree = "<group>"; };
		04612B641A25CA3700B35FD0 /* zh-Hans */ = {isa = PBXFileReference; lastKnownFileType = text.plist.strings; name = "zh-Hans"; path = "zh-Hans.lproj/Localizable.strings"; sourceTree = "<group>"; };
		04612B651A25CB0800B35FD0 /* SecondViewController.h */ = {isa = PBXFileReference; fileEncoding = 4; lastKnownFileType = sourcecode.c.h; path = SecondViewController.h; sourceTree = "<group>"; };
		04612B661A25CB0800B35FD0 /* SecondViewController.m */ = {isa = PBXFileReference; fileEncoding = 4; lastKnownFileType = sourcecode.c.objc; path = SecondViewController.m; sourceTree = "<group>"; };
		04612B691A25CC8500B35FD0 /* en */ = {isa = PBXFileReference; lastKnownFileType = text.plist.strings; name = en; path = en.lproj/Main.strings; sourceTree = "<group>"; };
/* End PBXFileReference section */

/* Begin PBXFrameworksBuildPhase section */
		04612B1C1A25C67400B35FD0 /* Frameworks */ = {
			isa = PBXFrameworksBuildPhase;
			buildActionMask = 2147483647;
			files = (
				04612B251A25C67400B35FD0 /* CoreGraphics.framework in Frameworks */,
				04612B271A25C67400B35FD0 /* UIKit.framework in Frameworks */,
				04612B231A25C67400B35FD0 /* Foundation.framework in Frameworks */,
			);
			runOnlyForDeploymentPostprocessing = 0;
		};
		04612B3D1A25C67400B35FD0 /* Frameworks */ = {
			isa = PBXFrameworksBuildPhase;
			buildActionMask = 2147483647;
			files = (
				04612B421A25C67400B35FD0 /* XCTest.framework in Frameworks */,
				04612B441A25C67400B35FD0 /* UIKit.framework in Frameworks */,
				04612B431A25C67400B35FD0 /* Foundation.framework in Frameworks */,
			);
			runOnlyForDeploymentPostprocessing = 0;
		};
/* End PBXFrameworksBuildPhase section */

/* Begin PBXGroup section */
		04612B161A25C67400B35FD0 = {
			isa = PBXGroup;
			children = (
				04612B281A25C67400B35FD0 /* InternationalizationDemo */,
				04612B471A25C67400B35FD0 /* InternationalizationDemoTests */,
				04612B211A25C67400B35FD0 /* Frameworks */,
				04612B201A25C67400B35FD0 /* Products */,
			);
			sourceTree = "<group>";
		};
		04612B201A25C67400B35FD0 /* Products */ = {
			isa = PBXGroup;
			children = (
				04612B1F1A25C67400B35FD0 /* InternationalizationDemo.app */,
				04612B401A25C67400B35FD0 /* InternationalizationDemoTests.xctest */,
			);
			name = Products;
			sourceTree = "<group>";
		};
		04612B211A25C67400B35FD0 /* Frameworks */ = {
			isa = PBXGroup;
			children = (
				04612B221A25C67400B35FD0 /* Foundation.framework */,
				04612B241A25C67400B35FD0 /* CoreGraphics.framework */,
				04612B261A25C67400B35FD0 /* UIKit.framework */,
				04612B411A25C67400B35FD0 /* XCTest.framework */,
			);
			name = Frameworks;
			sourceTree = "<group>";
		};
		04612B281A25C67400B35FD0 /* InternationalizationDemo */ = {
			isa = PBXGroup;
			children = (
				04612B311A25C67400B35FD0 /* AppDelegate.h */,
				04612B321A25C67400B35FD0 /* AppDelegate.m */,
				04612B341A25C67400B35FD0 /* Main.storyboard */,
				04612B371A25C67400B35FD0 /* ViewController.h */,
				04612B381A25C67400B35FD0 /* ViewController.m */,
				04612B651A25CB0800B35FD0 /* SecondViewController.h */,
				04612B661A25CB0800B35FD0 /* SecondViewController.m */,
				04612B3A1A25C67400B35FD0 /* Images.xcassets */,
				04612B291A25C67400B35FD0 /* Supporting Files */,
			);
			path = InternationalizationDemo;
			sourceTree = "<group>";
		};
		04612B291A25C67400B35FD0 /* Supporting Files */ = {
			isa = PBXGroup;
			children = (
				04612B2A1A25C67400B35FD0 /* InternationalizationDemo-Info.plist */,
				04612B631A25C9F500B35FD0 /* Localizable.strings */,
				04612B2B1A25C67400B35FD0 /* InfoPlist.strings */,
				04612B2E1A25C67400B35FD0 /* main.m */,
				04612B301A25C67400B35FD0 /* InternationalizationDemo-Prefix.pch */,
			);
			name = "Supporting Files";
			sourceTree = "<group>";
		};
		04612B471A25C67400B35FD0 /* InternationalizationDemoTests */ = {
			isa = PBXGroup;
			children = (
				04612B4D1A25C67400B35FD0 /* InternationalizationDemoTests.m */,
				04612B481A25C67400B35FD0 /* Supporting Files */,
			);
			path = InternationalizationDemoTests;
			sourceTree = "<group>";
		};
		04612B481A25C67400B35FD0 /* Supporting Files */ = {
			isa = PBXGroup;
			children = (
				04612B491A25C67400B35FD0 /* InternationalizationDemoTests-Info.plist */,
				04612B4A1A25C67400B35FD0 /* InfoPlist.strings */,
			);
			name = "Supporting Files";
			sourceTree = "<group>";
		};
/* End PBXGroup section */

/* Begin PBXNativeTarget section */
		04612B1E1A25C67400B35FD0 /* InternationalizationDemo */ = {
			isa = PBXNativeTarget;
			buildConfigurationList = 04612B511A25C67400B35FD0 /* Build configuration list for PBXNativeTarget "InternationalizationDemo" */;
			buildPhases = (
				04612B1B1A25C67400B35FD0 /* Sources */,
				04612B1C1A25C67400B35FD0 /* Frameworks */,
				04612B1D1A25C67400B35FD0 /* Resources */,
			);
			buildRules = (
			);
			dependencies = (
			);
			name = InternationalizationDemo;
			productName = InternationalizationDemo;
			productReference = 04612B1F1A25C67400B35FD0 /* InternationalizationDemo.app */;
			productType = "com.apple.product-type.application";
		};
		04612B3F1A25C67400B35FD0 /* InternationalizationDemoTests */ = {
			isa = PBXNativeTarget;
			buildConfigurationList = 04612B541A25C67400B35FD0 /* Build configuration list for PBXNativeTarget "InternationalizationDemoTests" */;
			buildPhases = (
				04612B3C1A25C67400B35FD0 /* Sources */,
				04612B3D1A25C67400B35FD0 /* Frameworks */,
				04612B3E1A25C67400B35FD0 /* Resources */,
			);
			buildRules = (
			);
			dependencies = (
				04612B461A25C67400B35FD0 /* PBXTargetDependency */,
			);
			name = InternationalizationDemoTests;
			productName = InternationalizationDemoTests;
			productReference = 04612B401A25C67400B35FD0 /* InternationalizationDemoTests.xctest */;
			productType = "com.apple.product-type.bundle.unit-test";
		};
/* End PBXNativeTarget section */

/* Begin PBXProject section */
		04612B171A25C67400B35FD0 /* Project object */ = {
			isa = PBXProject;
			attributes = {
				LastUpgradeCheck = 0510;
				ORGANIZATIONNAME = "Yang Yao";
				TargetAttributes = {
					04612B3F1A25C67400B35FD0 = {
						TestTargetID = 04612B1E1A25C67400B35FD0;
					};
				};
			};
			buildConfigurationList = 04612B1A1A25C67400B35FD0 /* Build configuration list for PBXProject "InternationalizationDemo" */;
			compatibilityVersion = "Xcode 3.2";
			developmentRegion = English;
			hasScannedForEncodings = 0;
			knownRegions = (
				en,
				Base,
				"zh-Hans",
			);
			mainGroup = 04612B161A25C67400B35FD0;
			productRefGroup = 04612B201A25C67400B35FD0 /* Products */;
			projectDirPath = "";
			projectRoot = "";
			targets = (
				04612B1E1A25C67400B35FD0 /* InternationalizationDemo */,
				04612B3F1A25C67400B35FD0 /* InternationalizationDemoTests */,
			);
		};
/* End PBXProject section */

/* Begin PBXResourcesBuildPhase section */
		04612B1D1A25C67400B35FD0 /* Resources */ = {
			isa = PBXResourcesBuildPhase;
			buildActionMask = 2147483647;
			files = (
				04612B3B1A25C67400B35FD0 /* Images.xcassets in Resources */,
				04612B611A25C9F500B35FD0 /* Localizable.strings in Resources */,
				04612B2D1A25C67400B35FD0 /* InfoPlist.strings in Resources */,
				04612B361A25C67400B35FD0 /* Main.storyboard in Resources */,
			);
			runOnlyForDeploymentPostprocessing = 0;
		};
		04612B3E1A25C67400B35FD0 /* Resources */ = {
			isa = PBXResourcesBuildPhase;
			buildActionMask = 2147483647;
			files = (
				04612B4C1A25C67400B35FD0 /* InfoPlist.strings in Resources */,
			);
			runOnlyForDeploymentPostprocessing = 0;
		};
/* End PBXResourcesBuildPhase section */

/* Begin PBXSourcesBuildPhase section */
		04612B1B1A25C67400B35FD0 /* Sources */ = {
			isa = PBXSourcesBuildPhase;
			buildActionMask = 2147483647;
			files = (
				04612B671A25CB0800B35FD0 /* SecondViewController.m in Sources */,
				04612B391A25C67400B35FD0 /* ViewController.m in Sources */,
				04612B331A25C67400B35FD0 /* AppDelegate.m in Sources */,
				04612B2F1A25C67400B35FD0 /* main.m in Sources */,
			);
			runOnlyForDeploymentPostprocessing = 0;
		};
		04612B3C1A25C67400B35FD0 /* Sources */ = {
			isa = PBXSourcesBuildPhase;
			buildActionMask = 2147483647;
			files = (
				04612B4E1A25C67400B35FD0 /* InternationalizationDemoTests.m in Sources */,
			);
			runOnlyForDeploymentPostprocessing = 0;
		};
/* End PBXSourcesBuildPhase section */

/* Begin PBXTargetDependency section */
		04612B461A25C67400B35FD0 /* PBXTargetDependency */ = {
			isa = PBXTargetDependency;
			target = 04612B1E1A25C67400B35FD0 /* InternationalizationDemo */;
			targetProxy = 04612B451A25C67400B35FD0 /* PBXContainerItemProxy */;
		};
/* End PBXTargetDependency section */

/* Begin PBXVariantGroup section */
		04612B2B1A25C67400B35FD0 /* InfoPlist.strings */ = {
			isa = PBXVariantGroup;
			children = (
				04612B2C1A25C67400B35FD0 /* en */,
				04612B5B1A25C85500B35FD0 /* zh-Hans */,
			);
			name = InfoPlist.strings;
			sourceTree = "<group>";
		};
		04612B341A25C67400B35FD0 /* Main.storyboard */ = {
			isa = PBXVariantGroup;
			children = (
				04612B351A25C67400B35FD0 /* Base */,
				04612B5A1A25C85500B35FD0 /* zh-Hans */,
				04612B691A25CC8500B35FD0 /* en */,
			);
			name = Main.storyboard;
			sourceTree = "<group>";
		};
		04612B4A1A25C67400B35FD0 /* InfoPlist.strings */ = {
			isa = PBXVariantGroup;
			children = (
				04612B4B1A25C67400B35FD0 /* en */,
				04612B5C1A25C85500B35FD0 /* zh-Hans */,
			);
			name = InfoPlist.strings;
			sourceTree = "<group>";
		};
		04612B631A25C9F500B35FD0 /* Localizable.strings */ = {
			isa = PBXVariantGroup;
			children = (
				04612B621A25C9F500B35FD0 /* en */,
				04612B641A25CA3700B35FD0 /* zh-Hans */,
			);
			name = Localizable.strings;
			sourceTree = "<group>";
		};
/* End PBXVariantGroup section */

/* Begin XCBuildConfiguration section */
		04612B4F1A25C67400B35FD0 /* Debug */ = {
			isa = XCBuildConfiguration;
			buildSettings = {
				ALWAYS_SEARCH_USER_PATHS = NO;
				CLANG_CXX_LANGUAGE_STANDARD = "gnu++0x";
				CLANG_CXX_LIBRARY = "libc++";
				CLANG_ENABLE_MODULES = YES;
				CLANG_ENABLE_OBJC_ARC = YES;
				CLANG_WARN_BOOL_CONVERSION = YES;
				CLANG_WARN_CONSTANT_CONVERSION = YES;
				CLANG_WARN_DIRECT_OBJC_ISA_USAGE = YES_ERROR;
				CLANG_WARN_EMPTY_BODY = YES;
				CLANG_WARN_ENUM_CONVERSION = YES;
				CLANG_WARN_INT_CONVERSION = YES;
				CLANG_WARN_OBJC_ROOT_CLASS = YES_ERROR;
				CLANG_WARN__DUPLICATE_METHOD_MATCH = YES;
				"CODE_SIGN_IDENTITY[sdk=iphoneos*]" = "iPhone Developer";
				COPY_PHASE_STRIP = NO;
				GCC_C_LANGUAGE_STANDARD = gnu99;
				GCC_DYNAMIC_NO_PIC = NO;
				GCC_OPTIMIZATION_LEVEL = 0;
				GCC_PREPROCESSOR_DEFINITIONS = (
					"DEBUG=1",
					"$(inherited)",
				);
				GCC_SYMBOLS_PRIVATE_EXTERN = NO;
				GCC_WARN_64_TO_32_BIT_CONVERSION = YES;
				GCC_WARN_ABOUT_RETURN_TYPE = YES_ERROR;
				GCC_WARN_UNDECLARED_SELECTOR = YES;
				GCC_WARN_UNINITIALIZED_AUTOS = YES_AGGRESSIVE;
				GCC_WARN_UNUSED_FUNCTION = YES;
				GCC_WARN_UNUSED_VARIABLE = YES;
				IPHONEOS_DEPLOYMENT_TARGET = 7.1;
				ONLY_ACTIVE_ARCH = YES;
				SDKROOT = iphoneos;
			};
			name = Debug;
		};
		04612B501A25C67400B35FD0 /* Release */ = {
			isa = XCBuildConfiguration;
			buildSettings = {
				ALWAYS_SEARCH_USER_PATHS = NO;
				CLANG_CXX_LANGUAGE_STANDARD = "gnu++0x";
				CLANG_CXX_LIBRARY = "libc++";
				CLANG_ENABLE_MODULES = YES;
				CLANG_ENABLE_OBJC_ARC = YES;
				CLANG_WARN_BOOL_CONVERSION = YES;
				CLANG_WARN_CONSTANT_CONVERSION = YES;
				CLANG_WARN_DIRECT_OBJC_ISA_USAGE = YES_ERROR;
				CLANG_WARN_EMPTY_BODY = YES;
				CLANG_WARN_ENUM_CONVERSION = YES;
				CLANG_WARN_INT_CONVERSION = YES;
				CLANG_WARN_OBJC_ROOT_CLASS = YES_ERROR;
				CLANG_WARN__DUPLICATE_METHOD_MATCH = YES;
				"CODE_SIGN_IDENTITY[sdk=iphoneos*]" = "iPhone Developer";
				COPY_PHASE_STRIP = YES;
				ENABLE_NS_ASSERTIONS = NO;
				GCC_C_LANGUAGE_STANDARD = gnu99;
				GCC_WARN_64_TO_32_BIT_CONVERSION = YES;
				GCC_WARN_ABOUT_RETURN_TYPE = YES_ERROR;
				GCC_WARN_UNDECLARED_SELECTOR = YES;
				GCC_WARN_UNINITIALIZED_AUTOS = YES_AGGRESSIVE;
				GCC_WARN_UNUSED_FUNCTION = YES;
				GCC_WARN_UNUSED_VARIABLE = YES;
				IPHONEOS_DEPLOYMENT_TARGET = 7.1;
				SDKROOT = iphoneos;
				VALIDATE_PRODUCT = YES;
			};
			name = Release;
		};
		04612B521A25C67400B35FD0 /* Debug */ = {
			isa = XCBuildConfiguration;
			buildSettings = {
				ASSETCATALOG_COMPILER_APPICON_NAME = AppIcon;
				ASSETCATALOG_COMPILER_LAUNCHIMAGE_NAME = LaunchImage;
				GCC_PRECOMPILE_PREFIX_HEADER = YES;
				GCC_PREFIX_HEADER = "InternationalizationDemo/InternationalizationDemo-Prefix.pch";
				INFOPLIST_FILE = "InternationalizationDemo/InternationalizationDemo-Info.plist";
				PRODUCT_NAME = "$(TARGET_NAME)";
				WRAPPER_EXTENSION = app;
			};
			name = Debug;
		};
		04612B531A25C67400B35FD0 /* Release */ = {
			isa = XCBuildConfiguration;
			buildSettings = {
				ASSETCATALOG_COMPILER_APPICON_NAME = AppIcon;
				ASSETCATALOG_COMPILER_LAUNCHIMAGE_NAME = LaunchImage;
				GCC_PRECOMPILE_PREFIX_HEADER = YES;
				GCC_PREFIX_HEADER = "InternationalizationDemo/InternationalizationDemo-Prefix.pch";
				INFOPLIST_FILE = "InternationalizationDemo/InternationalizationDemo-Info.plist";
				PRODUCT_NAME = "$(TARGET_NAME)";
				WRAPPER_EXTENSION = app;
			};
			name = Release;
		};
		04612B551A25C67400B35FD0 /* Debug */ = {
			isa = XCBuildConfiguration;
			buildSettings = {
				BUNDLE_LOADER = "$(BUILT_PRODUCTS_DIR)/InternationalizationDemo.app/InternationalizationDemo";
				FRAMEWORK_SEARCH_PATHS = (
					"$(SDKROOT)/Developer/Library/Frameworks",
					"$(inherited)",
					"$(DEVELOPER_FRAMEWORKS_DIR)",
				);
				GCC_PRECOMPILE_PREFIX_HEADER = YES;
				GCC_PREFIX_HEADER = "InternationalizationDemo/InternationalizationDemo-Prefix.pch";
				GCC_PREPROCESSOR_DEFINITIONS = (
					"DEBUG=1",
					"$(inherited)",
				);
				INFOPLIST_FILE = "InternationalizationDemoTests/InternationalizationDemoTests-Info.plist";
				PRODUCT_NAME = "$(TARGET_NAME)";
				TEST_HOST = "$(BUNDLE_LOADER)";
				WRAPPER_EXTENSION = xctest;
			};
			name = Debug;
		};
		04612B561A25C67400B35FD0 /* Release */ = {
			isa = XCBuildConfiguration;
			buildSettings = {
				BUNDLE_LOADER = "$(BUILT_PRODUCTS_DIR)/InternationalizationDemo.app/InternationalizationDemo";
				FRAMEWORK_SEARCH_PATHS = (
					"$(SDKROOT)/Developer/Library/Frameworks",
					"$(inherited)",
					"$(DEVELOPER_FRAMEWORKS_DIR)",
				);
				GCC_PRECOMPILE_PREFIX_HEADER = YES;
				GCC_PREFIX_HEADER = "InternationalizationDemo/InternationalizationDemo-Prefix.pch";
				INFOPLIST_FILE = "InternationalizationDemoTests/InternationalizationDemoTests-Info.plist";
				PRODUCT_NAME = "$(TARGET_NAME)";
				TEST_HOST = "$(BUNDLE_LOADER)";
				WRAPPER_EXTENSION = xctest;
			};
			name = Release;
		};
/* End XCBuildConfiguration section */

/* Begin XCConfigurationList section */
		04612B1A1A25C67400B35FD0 /* Build configuration list for PBXProject "InternationalizationDemo" */ = {
			isa = XCConfigurationList;
			buildConfigurations = (
				04612B4F1A25C67400B35FD0 /* Debug */,
				04612B501A25C67400B35FD0 /* Release */,
			);
			defaultConfigurationIsVisible = 0;
			defaultConfigurationName = Release;
		};
		04612B511A25C67400B35FD0 /* Build configuration list for PBXNativeTarget "InternationalizationDemo" */ = {
			isa = XCConfigurationList;
			buildConfigurations = (
				04612B521A25C67400B35FD0 /* Debug */,
				04612B531A25C67400B35FD0 /* Release */,
			);
			defaultConfigurationIsVisible = 0;
		};
		04612B541A25C67400B35FD0 /* Build configuration list for PBXNativeTarget "InternationalizationDemoTests" */ = {
			isa = XCConfigurationList;
			buildConfigurations = (
				04612B551A25C67400B35FD0 /* Debug */,
				04612B561A25C67400B35FD0 /* Release */,
			);
			defaultConfigurationIsVisible = 0;
		};
/* End XCConfigurationList section */
	};
	rootObject = 04612B171A25C67400B35FD0 /* Project object */;
}
